// !$*UTF8*$!
{
	archiveVersion = 1;
	classes = {
	};
	objectVersion = 56;
	objects = {

/* Begin PBXBuildFile section */
		386465AA2AEA5D9E00AA68F1 /* TupleViewVisitor.swift in Sources */ = {isa = PBXBuildFile; fileRef = 386465962AEA5D9E00AA68F1 /* TupleViewVisitor.swift */; };
		386465AB2AEA5D9E00AA68F1 /* GroupVisitor.swift in Sources */ = {isa = PBXBuildFile; fileRef = 386465972AEA5D9E00AA68F1 /* GroupVisitor.swift */; };
		386465AC2AEA5D9E00AA68F1 /* TupleVisitor.swift in Sources */ = {isa = PBXBuildFile; fileRef = 386465982AEA5D9E00AA68F1 /* TupleVisitor.swift */; };
		386465AD2AEA5D9E00AA68F1 /* TypeMetadata.swift in Sources */ = {isa = PBXBuildFile; fileRef = 386465992AEA5D9E00AA68F1 /* TypeMetadata.swift */; };
		386465AE2AEA5D9E00AA68F1 /* OptionalVisitor.swift in Sources */ = {isa = PBXBuildFile; fileRef = 3864659A2AEA5D9E00AA68F1 /* OptionalVisitor.swift */; };
		386465AF2AEA5D9E00AA68F1 /* Runtime.swift in Sources */ = {isa = PBXBuildFile; fileRef = 3864659B2AEA5D9E00AA68F1 /* Runtime.swift */; };
		386465B02AEA5D9E00AA68F1 /* SectionVisitor.swift in Sources */ = {isa = PBXBuildFile; fileRef = 3864659C2AEA5D9E00AA68F1 /* SectionVisitor.swift */; };
		386465B12AEA5D9E00AA68F1 /* ForEachVisitor.swift in Sources */ = {isa = PBXBuildFile; fileRef = 3864659D2AEA5D9E00AA68F1 /* ForEachVisitor.swift */; };
		386465B22AEA5D9E00AA68F1 /* ViewVisitor.swift in Sources */ = {isa = PBXBuildFile; fileRef = 3864659E2AEA5D9E00AA68F1 /* ViewVisitor.swift */; };
		386465B32AEA5D9E00AA68F1 /* visitors.h in Headers */ = {isa = PBXBuildFile; fileRef = 3864659F2AEA5D9E00AA68F1 /* visitors.h */; };
		386465B42AEA5D9E00AA68F1 /* AnyVisitor.swift in Sources */ = {isa = PBXBuildFile; fileRef = 386465A02AEA5D9E00AA68F1 /* AnyVisitor.swift */; };
		386465B52AEA5D9E00AA68F1 /* TypeIdentifier.swift in Sources */ = {isa = PBXBuildFile; fileRef = 386465A12AEA5D9E00AA68F1 /* TypeIdentifier.swift */; };
		386465B62AEA5D9E00AA68F1 /* README.md in Resources */ = {isa = PBXBuildFile; fileRef = 386465A22AEA5D9E00AA68F1 /* README.md */; };
		386465B72AEA5D9E00AA68F1 /* UnsafePointer.swift in Sources */ = {isa = PBXBuildFile; fileRef = 386465A32AEA5D9E00AA68F1 /* UnsafePointer.swift */; };
		386465B82AEA5D9E00AA68F1 /* TypeDescriptor.swift in Sources */ = {isa = PBXBuildFile; fileRef = 386465A42AEA5D9E00AA68F1 /* TypeDescriptor.swift */; };
		386465B92AEA5D9E00AA68F1 /* MultiViewVisitor.swift in Sources */ = {isa = PBXBuildFile; fileRef = 386465A52AEA5D9E00AA68F1 /* MultiViewVisitor.swift */; };
		386465BA2AEA5D9E00AA68F1 /* ProtocolConformance.swift in Sources */ = {isa = PBXBuildFile; fileRef = 386465A62AEA5D9E00AA68F1 /* ProtocolConformance.swift */; };
		386465BB2AEA5D9E00AA68F1 /* ViewModifierVisitor.swift in Sources */ = {isa = PBXBuildFile; fileRef = 386465A72AEA5D9E00AA68F1 /* ViewModifierVisitor.swift */; };
		386465BC2AEA5D9E00AA68F1 /* ViewTraitKeyVisitor.swift in Sources */ = {isa = PBXBuildFile; fileRef = 386465A82AEA5D9E00AA68F1 /* ViewTraitKeyVisitor.swift */; };
		386465BD2AEA5D9E00AA68F1 /* visitors.c in Sources */ = {isa = PBXBuildFile; fileRef = 386465A92AEA5D9E00AA68F1 /* visitors.c */; };
		38BE283F28F9408C002F699B /* EngineCore.h in Headers */ = {isa = PBXBuildFile; fileRef = 38BE283C28F9408C002F699B /* EngineCore.h */; settings = {ATTRIBUTES = (Public, ); }; };
		38EF29B929428A4500B454F0 /* ExampleApp.swift in Sources */ = {isa = PBXBuildFile; fileRef = 38EF29B829428A4500B454F0 /* ExampleApp.swift */; };
		38EF29BD29428A4600B454F0 /* Assets.xcassets in Resources */ = {isa = PBXBuildFile; fileRef = 38EF29BC29428A4600B454F0 /* Assets.xcassets */; };
		38EF29C129428A4600B454F0 /* Preview Assets.xcassets in Resources */ = {isa = PBXBuildFile; fileRef = 38EF29C029428A4600B454F0 /* Preview Assets.xcassets */; };
		38EF29C729428B2C00B454F0 /* EngineCore.framework in Frameworks */ = {isa = PBXBuildFile; fileRef = 38BE283928F9408C002F699B /* EngineCore.framework */; platformFilters = (ios, macos, tvos, xros, ); };
		38EF29C829428B2C00B454F0 /* EngineCore.framework in Embed Frameworks */ = {isa = PBXBuildFile; fileRef = 38BE283928F9408C002F699B /* EngineCore.framework */; platformFilters = (ios, macos, tvos, xros, ); settings = {ATTRIBUTES = (CodeSignOnCopy, RemoveHeadersOnCopy, ); }; };
/* End PBXBuildFile section */

/* Begin PBXContainerItemProxy section */
		38EF29C929428B2C00B454F0 /* PBXContainerItemProxy */ = {
			isa = PBXContainerItemProxy;
			containerPortal = 38BE283028F9408C002F699B /* Project object */;
			proxyType = 1;
			remoteGlobalIDString = 38BE283828F9408C002F699B;
			remoteInfo = EngineCore;
		};
/* End PBXContainerItemProxy section */

/* Begin PBXCopyFilesBuildPhase section */
		38EF29CB29428B2C00B454F0 /* Embed Frameworks */ = {
			isa = PBXCopyFilesBuildPhase;
			buildActionMask = 2147483647;
			dstPath = "";
			dstSubfolderSpec = 10;
			files = (
				38EF29C829428B2C00B454F0 /* EngineCore.framework in Embed Frameworks */,
			);
			name = "Embed Frameworks";
			runOnlyForDeploymentPostprocessing = 0;
		};
/* End PBXCopyFilesBuildPhase section */

/* Begin PBXFileReference section */
		386465962AEA5D9E00AA68F1 /* TupleViewVisitor.swift */ = {isa = PBXFileReference; fileEncoding = 4; lastKnownFileType = sourcecode.swift; path = TupleViewVisitor.swift; sourceTree = "<group>"; };
		386465972AEA5D9E00AA68F1 /* GroupVisitor.swift */ = {isa = PBXFileReference; fileEncoding = 4; lastKnownFileType = sourcecode.swift; path = GroupVisitor.swift; sourceTree = "<group>"; };
		386465982AEA5D9E00AA68F1 /* TupleVisitor.swift */ = {isa = PBXFileReference; fileEncoding = 4; lastKnownFileType = sourcecode.swift; path = TupleVisitor.swift; sourceTree = "<group>"; };
		386465992AEA5D9E00AA68F1 /* TypeMetadata.swift */ = {isa = PBXFileReference; fileEncoding = 4; lastKnownFileType = sourcecode.swift; path = TypeMetadata.swift; sourceTree = "<group>"; };
		3864659A2AEA5D9E00AA68F1 /* OptionalVisitor.swift */ = {isa = PBXFileReference; fileEncoding = 4; lastKnownFileType = sourcecode.swift; path = OptionalVisitor.swift; sourceTree = "<group>"; };
		3864659B2AEA5D9E00AA68F1 /* Runtime.swift */ = {isa = PBXFileReference; fileEncoding = 4; lastKnownFileType = sourcecode.swift; path = Runtime.swift; sourceTree = "<group>"; };
		3864659C2AEA5D9E00AA68F1 /* SectionVisitor.swift */ = {isa = PBXFileReference; fileEncoding = 4; lastKnownFileType = sourcecode.swift; path = SectionVisitor.swift; sourceTree = "<group>"; };
		3864659D2AEA5D9E00AA68F1 /* ForEachVisitor.swift */ = {isa = PBXFileReference; fileEncoding = 4; lastKnownFileType = sourcecode.swift; path = ForEachVisitor.swift; sourceTree = "<group>"; };
		3864659E2AEA5D9E00AA68F1 /* ViewVisitor.swift */ = {isa = PBXFileReference; fileEncoding = 4; lastKnownFileType = sourcecode.swift; path = ViewVisitor.swift; sourceTree = "<group>"; };
		3864659F2AEA5D9E00AA68F1 /* visitors.h */ = {isa = PBXFileReference; fileEncoding = 4; lastKnownFileType = sourcecode.c.h; path = visitors.h; sourceTree = "<group>"; };
		386465A02AEA5D9E00AA68F1 /* AnyVisitor.swift */ = {isa = PBXFileReference; fileEncoding = 4; lastKnownFileType = sourcecode.swift; path = AnyVisitor.swift; sourceTree = "<group>"; };
		386465A12AEA5D9E00AA68F1 /* TypeIdentifier.swift */ = {isa = PBXFileReference; fileEncoding = 4; lastKnownFileType = sourcecode.swift; path = TypeIdentifier.swift; sourceTree = "<group>"; };
		386465A22AEA5D9E00AA68F1 /* README.md */ = {isa = PBXFileReference; fileEncoding = 4; lastKnownFileType = net.daringfireball.markdown; path = README.md; sourceTree = "<group>"; };
		386465A32AEA5D9E00AA68F1 /* UnsafePointer.swift */ = {isa = PBXFileReference; fileEncoding = 4; lastKnownFileType = sourcecode.swift; path = UnsafePointer.swift; sourceTree = "<group>"; };
		386465A42AEA5D9E00AA68F1 /* TypeDescriptor.swift */ = {isa = PBXFileReference; fileEncoding = 4; lastKnownFileType = sourcecode.swift; path = TypeDescriptor.swift; sourceTree = "<group>"; };
		386465A52AEA5D9E00AA68F1 /* MultiViewVisitor.swift */ = {isa = PBXFileReference; fileEncoding = 4; lastKnownFileType = sourcecode.swift; path = MultiViewVisitor.swift; sourceTree = "<group>"; };
		386465A62AEA5D9E00AA68F1 /* ProtocolConformance.swift */ = {isa = PBXFileReference; fileEncoding = 4; lastKnownFileType = sourcecode.swift; path = ProtocolConformance.swift; sourceTree = "<group>"; };
		386465A72AEA5D9E00AA68F1 /* ViewModifierVisitor.swift */ = {isa = PBXFileReference; fileEncoding = 4; lastKnownFileType = sourcecode.swift; path = ViewModifierVisitor.swift; sourceTree = "<group>"; };
		386465A82AEA5D9E00AA68F1 /* ViewTraitKeyVisitor.swift */ = {isa = PBXFileReference; fileEncoding = 4; lastKnownFileType = sourcecode.swift; path = ViewTraitKeyVisitor.swift; sourceTree = "<group>"; };
		386465A92AEA5D9E00AA68F1 /* visitors.c */ = {isa = PBXFileReference; fileEncoding = 4; lastKnownFileType = sourcecode.c.c; path = visitors.c; sourceTree = "<group>"; };
		38BE283928F9408C002F699B /* EngineCore.framework */ = {isa = PBXFileReference; explicitFileType = wrapper.framework; includeInIndex = 0; path = EngineCore.framework; sourceTree = BUILT_PRODUCTS_DIR; };
		38BE283C28F9408C002F699B /* EngineCore.h */ = {isa = PBXFileReference; lastKnownFileType = sourcecode.c.h; path = EngineCore.h; sourceTree = "<group>"; };
		38EF29B629428A4500B454F0 /* Example.app */ = {isa = PBXFileReference; explicitFileType = wrapper.application; includeInIndex = 0; path = Example.app; sourceTree = BUILT_PRODUCTS_DIR; };
		38EF29B829428A4500B454F0 /* ExampleApp.swift */ = {isa = PBXFileReference; lastKnownFileType = sourcecode.swift; path = ExampleApp.swift; sourceTree = "<group>"; };
		38EF29BC29428A4600B454F0 /* Assets.xcassets */ = {isa = PBXFileReference; lastKnownFileType = folder.assetcatalog; path = Assets.xcassets; sourceTree = "<group>"; };
		38EF29BE29428A4600B454F0 /* Example.entitlements */ = {isa = PBXFileReference; lastKnownFileType = text.plist.entitlements; path = Example.entitlements; sourceTree = "<group>"; };
		38EF29C029428A4600B454F0 /* Preview Assets.xcassets */ = {isa = PBXFileReference; lastKnownFileType = folder.assetcatalog; path = "Preview Assets.xcassets"; sourceTree = "<group>"; };
		38F25EA9290CA7DD004B5037 /* Combine.framework */ = {isa = PBXFileReference; lastKnownFileType = wrapper.framework; name = Combine.framework; path = System/Library/Frameworks/Combine.framework; sourceTree = SDKROOT; };
/* End PBXFileReference section */

/* Begin PBXFrameworksBuildPhase section */
		38BE283628F9408C002F699B /* Frameworks */ = {
			isa = PBXFrameworksBuildPhase;
			buildActionMask = 2147483647;
			files = (
			);
			runOnlyForDeploymentPostprocessing = 0;
		};
		38EF29B329428A4500B454F0 /* Frameworks */ = {
			isa = PBXFrameworksBuildPhase;
			buildActionMask = 2147483647;
			files = (
				38EF29C729428B2C00B454F0 /* EngineCore.framework in Frameworks */,
			);
			runOnlyForDeploymentPostprocessing = 0;
		};
/* End PBXFrameworksBuildPhase section */

/* Begin PBXGroup section */
		38BE282F28F9408C002F699B = {
			isa = PBXGroup;
			children = (
				38BE283B28F9408C002F699B /* EngineCore */,
				38EF29B729428A4500B454F0 /* Example */,
				38BE283A28F9408C002F699B /* Products */,
				38BE284528F940D9002F699B /* Frameworks */,
			);
			sourceTree = "<group>";
		};
		38BE283A28F9408C002F699B /* Products */ = {
			isa = PBXGroup;
			children = (
				38BE283928F9408C002F699B /* EngineCore.framework */,
				38EF29B629428A4500B454F0 /* Example.app */,
			);
			name = Products;
			sourceTree = "<group>";
		};
		38BE283B28F9408C002F699B /* EngineCore */ = {
			isa = PBXGroup;
			children = (
				386465A22AEA5D9E00AA68F1 /* README.md */,
				38BE283C28F9408C002F699B /* EngineCore.h */,
				3864659F2AEA5D9E00AA68F1 /* visitors.h */,
				386465A92AEA5D9E00AA68F1 /* visitors.c */,
				386465A02AEA5D9E00AA68F1 /* AnyVisitor.swift */,
				3864659D2AEA5D9E00AA68F1 /* ForEachVisitor.swift */,
				386465972AEA5D9E00AA68F1 /* GroupVisitor.swift */,
				386465A52AEA5D9E00AA68F1 /* MultiViewVisitor.swift */,
				3864659A2AEA5D9E00AA68F1 /* OptionalVisitor.swift */,
				386465A62AEA5D9E00AA68F1 /* ProtocolConformance.swift */,
				3864659B2AEA5D9E00AA68F1 /* Runtime.swift */,
				3864659C2AEA5D9E00AA68F1 /* SectionVisitor.swift */,
				386465962AEA5D9E00AA68F1 /* TupleViewVisitor.swift */,
				386465982AEA5D9E00AA68F1 /* TupleVisitor.swift */,
				386465A42AEA5D9E00AA68F1 /* TypeDescriptor.swift */,
				386465A12AEA5D9E00AA68F1 /* TypeIdentifier.swift */,
				386465992AEA5D9E00AA68F1 /* TypeMetadata.swift */,
				386465A32AEA5D9E00AA68F1 /* UnsafePointer.swift */,
				386465A72AEA5D9E00AA68F1 /* ViewModifierVisitor.swift */,
				386465A82AEA5D9E00AA68F1 /* ViewTraitKeyVisitor.swift */,
				3864659E2AEA5D9E00AA68F1 /* ViewVisitor.swift */,
			);
			path = EngineCore;
			sourceTree = "<group>";
		};
		38BE284528F940D9002F699B /* Frameworks */ = {
			isa = PBXGroup;
			children = (
				38F25EA9290CA7DD004B5037 /* Combine.framework */,
			);
			name = Frameworks;
			sourceTree = "<group>";
		};
		38EF29B729428A4500B454F0 /* Example */ = {
			isa = PBXGroup;
			children = (
				38EF29BE29428A4600B454F0 /* Example.entitlements */,
				38EF29BC29428A4600B454F0 /* Assets.xcassets */,
				38EF29B829428A4500B454F0 /* ExampleApp.swift */,
				38EF29BF29428A4600B454F0 /* Preview Content */,
			);
			path = Example;
			sourceTree = "<group>";
		};
		38EF29BF29428A4600B454F0 /* Preview Content */ = {
			isa = PBXGroup;
			children = (
				38EF29C029428A4600B454F0 /* Preview Assets.xcassets */,
			);
			path = "Preview Content";
			sourceTree = "<group>";
		};
/* End PBXGroup section */

/* Begin PBXHeadersBuildPhase section */
		38BE283428F9408C002F699B /* Headers */ = {
			isa = PBXHeadersBuildPhase;
			buildActionMask = 2147483647;
			files = (
				38BE283F28F9408C002F699B /* EngineCore.h in Headers */,
				386465B32AEA5D9E00AA68F1 /* visitors.h in Headers */,
			);
			runOnlyForDeploymentPostprocessing = 0;
		};
/* End PBXHeadersBuildPhase section */

/* Begin PBXNativeTarget section */
		38BE283828F9408C002F699B /* EngineCore */ = {
			isa = PBXNativeTarget;
			buildConfigurationList = 38BE284228F9408C002F699B /* Build configuration list for PBXNativeTarget "EngineCore" */;
			buildPhases = (
				38BE283428F9408C002F699B /* Headers */,
				38BE283528F9408C002F699B /* Sources */,
				38BE283628F9408C002F699B /* Frameworks */,
				38BE283728F9408C002F699B /* Resources */,
			);
			buildRules = (
			);
			dependencies = (
			);
			name = EngineCore;
			packageProductDependencies = (
			);
			productName = Engine;
			productReference = 38BE283928F9408C002F699B /* EngineCore.framework */;
			productType = "com.apple.product-type.framework";
		};
		38EF29B529428A4500B454F0 /* Example */ = {
			isa = PBXNativeTarget;
			buildConfigurationList = 38EF29C429428A4600B454F0 /* Build configuration list for PBXNativeTarget "Example" */;
			buildPhases = (
				38EF29B229428A4500B454F0 /* Sources */,
				38EF29B329428A4500B454F0 /* Frameworks */,
				38EF29B429428A4500B454F0 /* Resources */,
				38EF29CB29428B2C00B454F0 /* Embed Frameworks */,
			);
			buildRules = (
			);
			dependencies = (
				38EF29CA29428B2C00B454F0 /* PBXTargetDependency */,
			);
			name = Example;
			packageProductDependencies = (
			);
			productName = Example;
			productReference = 38EF29B629428A4500B454F0 /* Example.app */;
			productType = "com.apple.product-type.application";
		};
/* End PBXNativeTarget section */

/* Begin PBXProject section */
		38BE283028F9408C002F699B /* Project object */ = {
			isa = PBXProject;
			attributes = {
				BuildIndependentTargetsInParallel = 1;
				LastSwiftUpdateCheck = 1410;
				LastUpgradeCheck = 1500;
				TargetAttributes = {
					38BE283828F9408C002F699B = {
						CreatedOnToolsVersion = 14.0;
						LastSwiftMigration = 1500;
					};
					38EF29B529428A4500B454F0 = {
						CreatedOnToolsVersion = 14.1;
					};
				};
			};
			buildConfigurationList = 38BE283328F9408C002F699B /* Build configuration list for PBXProject "EngineCore" */;
			compatibilityVersion = "Xcode 14.0";
			developmentRegion = en;
			hasScannedForEncodings = 0;
			knownRegions = (
				en,
				Base,
			);
			mainGroup = 38BE282F28F9408C002F699B;
			packageReferences = (
			);
			productRefGroup = 38BE283A28F9408C002F699B /* Products */;
			projectDirPath = "";
			projectRoot = "";
			targets = (
				38BE283828F9408C002F699B /* EngineCore */,
				38EF29B529428A4500B454F0 /* Example */,
			);
		};
/* End PBXProject section */

/* Begin PBXResourcesBuildPhase section */
		38BE283728F9408C002F699B /* Resources */ = {
			isa = PBXResourcesBuildPhase;
			buildActionMask = 2147483647;
			files = (
				386465B62AEA5D9E00AA68F1 /* README.md in Resources */,
			);
			runOnlyForDeploymentPostprocessing = 0;
		};
		38EF29B429428A4500B454F0 /* Resources */ = {
			isa = PBXResourcesBuildPhase;
			buildActionMask = 2147483647;
			files = (
				38EF29C129428A4600B454F0 /* Preview Assets.xcassets in Resources */,
				38EF29BD29428A4600B454F0 /* Assets.xcassets in Resources */,
			);
			runOnlyForDeploymentPostprocessing = 0;
		};
/* End PBXResourcesBuildPhase section */

/* Begin PBXSourcesBuildPhase section */
		38BE283528F9408C002F699B /* Sources */ = {
			isa = PBXSourcesBuildPhase;
			buildActionMask = 2147483647;
			files = (
				386465AE2AEA5D9E00AA68F1 /* OptionalVisitor.swift in Sources */,
				386465BC2AEA5D9E00AA68F1 /* ViewTraitKeyVisitor.swift in Sources */,
				386465B72AEA5D9E00AA68F1 /* UnsafePointer.swift in Sources */,
				386465B42AEA5D9E00AA68F1 /* AnyVisitor.swift in Sources */,
				386465B52AEA5D9E00AA68F1 /* TypeIdentifier.swift in Sources */,
				386465B02AEA5D9E00AA68F1 /* SectionVisitor.swift in Sources */,
				386465B82AEA5D9E00AA68F1 /* TypeDescriptor.swift in Sources */,
				386465AD2AEA5D9E00AA68F1 /* TypeMetadata.swift in Sources */,
				386465BD2AEA5D9E00AA68F1 /* visitors.c in Sources */,
				386465B22AEA5D9E00AA68F1 /* ViewVisitor.swift in Sources */,
				386465BA2AEA5D9E00AA68F1 /* ProtocolConformance.swift in Sources */,
				386465AB2AEA5D9E00AA68F1 /* GroupVisitor.swift in Sources */,
				386465AA2AEA5D9E00AA68F1 /* TupleViewVisitor.swift in Sources */,
				386465AF2AEA5D9E00AA68F1 /* Runtime.swift in Sources */,
				386465AC2AEA5D9E00AA68F1 /* TupleVisitor.swift in Sources */,
				386465B12AEA5D9E00AA68F1 /* ForEachVisitor.swift in Sources */,
				386465BB2AEA5D9E00AA68F1 /* ViewModifierVisitor.swift in Sources */,
				386465B92AEA5D9E00AA68F1 /* MultiViewVisitor.swift in Sources */,
			);
			runOnlyForDeploymentPostprocessing = 0;
		};
		38EF29B229428A4500B454F0 /* Sources */ = {
			isa = PBXSourcesBuildPhase;
			buildActionMask = 2147483647;
			files = (
				38EF29B929428A4500B454F0 /* ExampleApp.swift in Sources */,
			);
			runOnlyForDeploymentPostprocessing = 0;
		};
/* End PBXSourcesBuildPhase section */

/* Begin PBXTargetDependency section */
		38EF29CA29428B2C00B454F0 /* PBXTargetDependency */ = {
			isa = PBXTargetDependency;
			platformFilters = (
				ios,
				macos,
				tvos,
				xros,
			);
			target = 38BE283828F9408C002F699B /* EngineCore */;
			targetProxy = 38EF29C929428B2C00B454F0 /* PBXContainerItemProxy */;
		};
/* End PBXTargetDependency section */

/* Begin XCBuildConfiguration section */
		38BE284028F9408C002F699B /* Debug */ = {
			isa = XCBuildConfiguration;
			buildSettings = {
				ALWAYS_SEARCH_USER_PATHS = NO;
				CLANG_ANALYZER_NONNULL = YES;
				CLANG_ANALYZER_NUMBER_OBJECT_CONVERSION = YES_AGGRESSIVE;
				CLANG_CXX_LANGUAGE_STANDARD = "gnu++20";
				CLANG_ENABLE_MODULES = YES;
				CLANG_ENABLE_OBJC_ARC = YES;
				CLANG_ENABLE_OBJC_WEAK = YES;
				CLANG_WARN_BLOCK_CAPTURE_AUTORELEASING = YES;
				CLANG_WARN_BOOL_CONVERSION = YES;
				CLANG_WARN_COMMA = YES;
				CLANG_WARN_CONSTANT_CONVERSION = YES;
				CLANG_WARN_DEPRECATED_OBJC_IMPLEMENTATIONS = YES;
				CLANG_WARN_DIRECT_OBJC_ISA_USAGE = YES_ERROR;
				CLANG_WARN_DOCUMENTATION_COMMENTS = YES;
				CLANG_WARN_EMPTY_BODY = YES;
				CLANG_WARN_ENUM_CONVERSION = YES;
				CLANG_WARN_INFINITE_RECURSION = YES;
				CLANG_WARN_INT_CONVERSION = YES;
				CLANG_WARN_NON_LITERAL_NULL_CONVERSION = YES;
				CLANG_WARN_OBJC_IMPLICIT_RETAIN_SELF = YES;
				CLANG_WARN_OBJC_LITERAL_CONVERSION = YES;
				CLANG_WARN_OBJC_ROOT_CLASS = YES_ERROR;
				CLANG_WARN_QUOTED_INCLUDE_IN_FRAMEWORK_HEADER = YES;
				CLANG_WARN_RANGE_LOOP_ANALYSIS = YES;
				CLANG_WARN_STRICT_PROTOTYPES = YES;
				CLANG_WARN_SUSPICIOUS_MOVE = YES;
				CLANG_WARN_UNGUARDED_AVAILABILITY = YES_AGGRESSIVE;
				CLANG_WARN_UNREACHABLE_CODE = YES;
				CLANG_WARN__DUPLICATE_METHOD_MATCH = YES;
				COPY_PHASE_STRIP = NO;
				CURRENT_PROJECT_VERSION = 1;
				DEAD_CODE_STRIPPING = YES;
				DEBUG_INFORMATION_FORMAT = dwarf;
				ENABLE_STRICT_OBJC_MSGSEND = YES;
				ENABLE_TESTABILITY = YES;
				ENABLE_USER_SCRIPT_SANDBOXING = YES;
				GCC_C_LANGUAGE_STANDARD = gnu11;
				GCC_DYNAMIC_NO_PIC = NO;
				GCC_NO_COMMON_BLOCKS = YES;
				GCC_OPTIMIZATION_LEVEL = 0;
				GCC_PREPROCESSOR_DEFINITIONS = (
					"DEBUG=1",
					"$(inherited)",
				);
				GCC_WARN_64_TO_32_BIT_CONVERSION = YES;
				GCC_WARN_ABOUT_RETURN_TYPE = YES_ERROR;
				GCC_WARN_UNDECLARED_SELECTOR = YES;
				GCC_WARN_UNINITIALIZED_AUTOS = YES_AGGRESSIVE;
				GCC_WARN_UNUSED_FUNCTION = YES;
				GCC_WARN_UNUSED_VARIABLE = YES;
				MTL_ENABLE_DEBUG_INFO = INCLUDE_SOURCE;
				MTL_FAST_MATH = YES;
				ONLY_ACTIVE_ARCH = YES;
				SWIFT_ACTIVE_COMPILATION_CONDITIONS = DEBUG;
				SWIFT_OPTIMIZATION_LEVEL = "-Onone";
				VERSIONING_SYSTEM = "apple-generic";
				VERSION_INFO_PREFIX = "";
			};
			name = Debug;
		};
		38BE284128F9408C002F699B /* Release */ = {
			isa = XCBuildConfiguration;
			buildSettings = {
				ALWAYS_SEARCH_USER_PATHS = NO;
				CLANG_ANALYZER_NONNULL = YES;
				CLANG_ANALYZER_NUMBER_OBJECT_CONVERSION = YES_AGGRESSIVE;
				CLANG_CXX_LANGUAGE_STANDARD = "gnu++20";
				CLANG_ENABLE_MODULES = YES;
				CLANG_ENABLE_OBJC_ARC = YES;
				CLANG_ENABLE_OBJC_WEAK = YES;
				CLANG_WARN_BLOCK_CAPTURE_AUTORELEASING = YES;
				CLANG_WARN_BOOL_CONVERSION = YES;
				CLANG_WARN_COMMA = YES;
				CLANG_WARN_CONSTANT_CONVERSION = YES;
				CLANG_WARN_DEPRECATED_OBJC_IMPLEMENTATIONS = YES;
				CLANG_WARN_DIRECT_OBJC_ISA_USAGE = YES_ERROR;
				CLANG_WARN_DOCUMENTATION_COMMENTS = YES;
				CLANG_WARN_EMPTY_BODY = YES;
				CLANG_WARN_ENUM_CONVERSION = YES;
				CLANG_WARN_INFINITE_RECURSION = YES;
				CLANG_WARN_INT_CONVERSION = YES;
				CLANG_WARN_NON_LITERAL_NULL_CONVERSION = YES;
				CLANG_WARN_OBJC_IMPLICIT_RETAIN_SELF = YES;
				CLANG_WARN_OBJC_LITERAL_CONVERSION = YES;
				CLANG_WARN_OBJC_ROOT_CLASS = YES_ERROR;
				CLANG_WARN_QUOTED_INCLUDE_IN_FRAMEWORK_HEADER = YES;
				CLANG_WARN_RANGE_LOOP_ANALYSIS = YES;
				CLANG_WARN_STRICT_PROTOTYPES = YES;
				CLANG_WARN_SUSPICIOUS_MOVE = YES;
				CLANG_WARN_UNGUARDED_AVAILABILITY = YES_AGGRESSIVE;
				CLANG_WARN_UNREACHABLE_CODE = YES;
				CLANG_WARN__DUPLICATE_METHOD_MATCH = YES;
				COPY_PHASE_STRIP = NO;
				CURRENT_PROJECT_VERSION = 1;
				DEAD_CODE_STRIPPING = YES;
				DEBUG_INFORMATION_FORMAT = "dwarf-with-dsym";
				ENABLE_NS_ASSERTIONS = NO;
				ENABLE_STRICT_OBJC_MSGSEND = YES;
				ENABLE_USER_SCRIPT_SANDBOXING = YES;
				GCC_C_LANGUAGE_STANDARD = gnu11;
				GCC_NO_COMMON_BLOCKS = YES;
				GCC_WARN_64_TO_32_BIT_CONVERSION = YES;
				GCC_WARN_ABOUT_RETURN_TYPE = YES_ERROR;
				GCC_WARN_UNDECLARED_SELECTOR = YES;
				GCC_WARN_UNINITIALIZED_AUTOS = YES_AGGRESSIVE;
				GCC_WARN_UNUSED_FUNCTION = YES;
				GCC_WARN_UNUSED_VARIABLE = YES;
				MTL_ENABLE_DEBUG_INFO = NO;
				MTL_FAST_MATH = YES;
				SWIFT_COMPILATION_MODE = wholemodule;
				SWIFT_OPTIMIZATION_LEVEL = "-O";
				VERSIONING_SYSTEM = "apple-generic";
				VERSION_INFO_PREFIX = "";
			};
			name = Release;
		};
		38BE284328F9408C002F699B /* Debug */ = {
			isa = XCBuildConfiguration;
			buildSettings = {
				APPLICATION_EXTENSION_API_ONLY = YES;
				BUILD_LIBRARY_FOR_DISTRIBUTION = YES;
				CLANG_ENABLE_MODULES = YES;
				CODE_SIGN_IDENTITY = "";
				CODE_SIGN_STYLE = Automatic;
				CURRENT_PROJECT_VERSION = 1;
				DEAD_CODE_STRIPPING = YES;
				DEFINES_MODULE = YES;
				DEVELOPMENT_TEAM = JH5XJ55XGZ;
				DYLIB_COMPATIBILITY_VERSION = 1;
				DYLIB_CURRENT_VERSION = 1;
				DYLIB_INSTALL_NAME_BASE = "@rpath";
				ENABLE_MODULE_VERIFIER = YES;
				GENERATE_INFOPLIST_FILE = YES;
				INFOPLIST_KEY_NSHumanReadableCopyright = "";
				INSTALL_PATH = "$(LOCAL_LIBRARY_DIR)/Frameworks";
				IPHONEOS_DEPLOYMENT_TARGET = 13.0;
				LD_RUNPATH_SEARCH_PATHS = (
					"@executable_path/Frameworks",
					"@loader_path/Frameworks",
				);
				"LD_RUNPATH_SEARCH_PATHS[sdk=macosx*]" = (
					"@executable_path/../Frameworks",
					"@loader_path/Frameworks",
				);
				MACOSX_DEPLOYMENT_TARGET = 10.15;
				MARKETING_VERSION = 1.0;
				MODULE_VERIFIER_SUPPORTED_LANGUAGES = "objective-c objective-c++";
				MODULE_VERIFIER_SUPPORTED_LANGUAGE_STANDARDS = "gnu11 gnu++20";
				PRODUCT_BUNDLE_IDENTIFIER = nathantannar.Engine;
				PRODUCT_NAME = "$(TARGET_NAME:c99extidentifier)";
				SDKROOT = auto;
				SKIP_INSTALL = NO;
				SUPPORTED_PLATFORMS = "appletvos appletvsimulator iphoneos iphonesimulator macosx watchos watchsimulator xros xrsimulator";
				SUPPORTS_MACCATALYST = YES;
				SUPPORTS_MAC_DESIGNED_FOR_IPHONE_IPAD = NO;
				SUPPORTS_XR_DESIGNED_FOR_IPHONE_IPAD = NO;
				SWIFT_EMIT_LOC_STRINGS = YES;
				SWIFT_OPTIMIZATION_LEVEL = "-Onone";
				SWIFT_VERSION = 5.0;
				TARGETED_DEVICE_FAMILY = "1,2,3,4,7";
				TVOS_DEPLOYMENT_TARGET = 13.0;
				WATCHOS_DEPLOYMENT_TARGET = 6.0;
			};
			name = Debug;
		};
		38BE284428F9408C002F699B /* Release */ = {
			isa = XCBuildConfiguration;
			buildSettings = {
				APPLICATION_EXTENSION_API_ONLY = YES;
				BUILD_LIBRARY_FOR_DISTRIBUTION = YES;
				CLANG_ENABLE_MODULES = YES;
				CODE_SIGN_IDENTITY = "";
				CODE_SIGN_STYLE = Automatic;
				CURRENT_PROJECT_VERSION = 1;
				DEAD_CODE_STRIPPING = YES;
				DEFINES_MODULE = YES;
				DEVELOPMENT_TEAM = JH5XJ55XGZ;
				DYLIB_COMPATIBILITY_VERSION = 1;
				DYLIB_CURRENT_VERSION = 1;
				DYLIB_INSTALL_NAME_BASE = "@rpath";
				ENABLE_MODULE_VERIFIER = YES;
				GENERATE_INFOPLIST_FILE = YES;
				INFOPLIST_KEY_NSHumanReadableCopyright = "";
				INSTALL_PATH = "$(LOCAL_LIBRARY_DIR)/Frameworks";
				IPHONEOS_DEPLOYMENT_TARGET = 13.0;
				LD_RUNPATH_SEARCH_PATHS = (
					"@executable_path/Frameworks",
					"@loader_path/Frameworks",
				);
				"LD_RUNPATH_SEARCH_PATHS[sdk=macosx*]" = (
					"@executable_path/../Frameworks",
					"@loader_path/Frameworks",
				);
				MACOSX_DEPLOYMENT_TARGET = 10.15;
				MARKETING_VERSION = 1.0;
				MODULE_VERIFIER_SUPPORTED_LANGUAGES = "objective-c objective-c++";
				MODULE_VERIFIER_SUPPORTED_LANGUAGE_STANDARDS = "gnu11 gnu++20";
				PRODUCT_BUNDLE_IDENTIFIER = nathantannar.Engine;
				PRODUCT_NAME = "$(TARGET_NAME:c99extidentifier)";
				SDKROOT = auto;
				SKIP_INSTALL = NO;
				SUPPORTED_PLATFORMS = "appletvos appletvsimulator iphoneos iphonesimulator macosx watchos watchsimulator xros xrsimulator";
				SUPPORTS_MACCATALYST = YES;
				SUPPORTS_MAC_DESIGNED_FOR_IPHONE_IPAD = NO;
				SUPPORTS_XR_DESIGNED_FOR_IPHONE_IPAD = NO;
				SWIFT_EMIT_LOC_STRINGS = YES;
				SWIFT_VERSION = 5.0;
				TARGETED_DEVICE_FAMILY = "1,2,3,4,7";
				TVOS_DEPLOYMENT_TARGET = 13.0;
				WATCHOS_DEPLOYMENT_TARGET = 6.0;
			};
			name = Release;
		};
		38EF29C229428A4600B454F0 /* Debug */ = {
			isa = XCBuildConfiguration;
			buildSettings = {
				ALWAYS_EMBED_SWIFT_STANDARD_LIBRARIES = YES;
				ASSETCATALOG_COMPILER_APPICON_NAME = AppIcon;
				ASSETCATALOG_COMPILER_GLOBAL_ACCENT_COLOR_NAME = AccentColor;
				CODE_SIGN_ENTITLEMENTS = Example/Example.entitlements;
				CODE_SIGN_STYLE = Automatic;
				CURRENT_PROJECT_VERSION = 1;
				DEAD_CODE_STRIPPING = YES;
				DEVELOPMENT_ASSET_PATHS = "\"Example/Preview Content\"";
				DEVELOPMENT_TEAM = JH5XJ55XGZ;
				ENABLE_HARDENED_RUNTIME = YES;
				ENABLE_PREVIEWS = YES;
				GENERATE_INFOPLIST_FILE = YES;
				"INFOPLIST_KEY_UIApplicationSceneManifest_Generation[sdk=iphoneos*]" = YES;
				"INFOPLIST_KEY_UIApplicationSceneManifest_Generation[sdk=iphonesimulator*]" = YES;
				"INFOPLIST_KEY_UIApplicationSupportsIndirectInputEvents[sdk=iphoneos*]" = YES;
				"INFOPLIST_KEY_UIApplicationSupportsIndirectInputEvents[sdk=iphonesimulator*]" = YES;
				"INFOPLIST_KEY_UILaunchScreen_Generation[sdk=iphoneos*]" = YES;
				"INFOPLIST_KEY_UILaunchScreen_Generation[sdk=iphonesimulator*]" = YES;
				"INFOPLIST_KEY_UIStatusBarStyle[sdk=iphoneos*]" = UIStatusBarStyleDefault;
				"INFOPLIST_KEY_UIStatusBarStyle[sdk=iphonesimulator*]" = UIStatusBarStyleDefault;
				INFOPLIST_KEY_UISupportedInterfaceOrientations_iPad = "UIInterfaceOrientationPortrait UIInterfaceOrientationPortraitUpsideDown UIInterfaceOrientationLandscapeLeft UIInterfaceOrientationLandscapeRight";
				INFOPLIST_KEY_UISupportedInterfaceOrientations_iPhone = "UIInterfaceOrientationPortrait UIInterfaceOrientationLandscapeLeft UIInterfaceOrientationLandscapeRight";
				IPHONEOS_DEPLOYMENT_TARGET = 14.0;
				LD_RUNPATH_SEARCH_PATHS = "@executable_path/Frameworks";
				"LD_RUNPATH_SEARCH_PATHS[sdk=macosx*]" = "@executable_path/../Frameworks";
				MACOSX_DEPLOYMENT_TARGET = 11.0;
				MARKETING_VERSION = 1.0;
				PRODUCT_BUNDLE_IDENTIFIER = com.nathantannar.Example;
				PRODUCT_NAME = "$(TARGET_NAME)";
				SDKROOT = auto;
				SUPPORTED_PLATFORMS = "appletvos appletvsimulator iphoneos iphonesimulator macosx xros xrsimulator";
				SUPPORTS_MACCATALYST = YES;
				SUPPORTS_MAC_DESIGNED_FOR_IPHONE_IPAD = NO;
				SUPPORTS_XR_DESIGNED_FOR_IPHONE_IPAD = NO;
				SWIFT_EMIT_LOC_STRINGS = YES;
				SWIFT_VERSION = 5.0;
				TARGETED_DEVICE_FAMILY = "1,2,3";
			};
			name = Debug;
		};
		38EF29C329428A4600B454F0 /* Release */ = {
			isa = XCBuildConfiguration;
			buildSettings = {
				ALWAYS_EMBED_SWIFT_STANDARD_LIBRARIES = YES;
				ASSETCATALOG_COMPILER_APPICON_NAME = AppIcon;
				ASSETCATALOG_COMPILER_GLOBAL_ACCENT_COLOR_NAME = AccentColor;
				CODE_SIGN_ENTITLEMENTS = Example/Example.entitlements;
				CODE_SIGN_STYLE = Automatic;
				CURRENT_PROJECT_VERSION = 1;
				DEAD_CODE_STRIPPING = YES;
				DEVELOPMENT_ASSET_PATHS = "\"Example/Preview Content\"";
				DEVELOPMENT_TEAM = JH5XJ55XGZ;
				ENABLE_HARDENED_RUNTIME = YES;
				ENABLE_PREVIEWS = YES;
				GENERATE_INFOPLIST_FILE = YES;
				"INFOPLIST_KEY_UIApplicationSceneManifest_Generation[sdk=iphoneos*]" = YES;
				"INFOPLIST_KEY_UIApplicationSceneManifest_Generation[sdk=iphonesimulator*]" = YES;
				"INFOPLIST_KEY_UIApplicationSupportsIndirectInputEvents[sdk=iphoneos*]" = YES;
				"INFOPLIST_KEY_UIApplicationSupportsIndirectInputEvents[sdk=iphonesimulator*]" = YES;
				"INFOPLIST_KEY_UILaunchScreen_Generation[sdk=iphoneos*]" = YES;
				"INFOPLIST_KEY_UILaunchScreen_Generation[sdk=iphonesimulator*]" = YES;
				"INFOPLIST_KEY_UIStatusBarStyle[sdk=iphoneos*]" = UIStatusBarStyleDefault;
				"INFOPLIST_KEY_UIStatusBarStyle[sdk=iphonesimulator*]" = UIStatusBarStyleDefault;
				INFOPLIST_KEY_UISupportedInterfaceOrientations_iPad = "UIInterfaceOrientationPortrait UIInterfaceOrientationPortraitUpsideDown UIInterfaceOrientationLandscapeLeft UIInterfaceOrientationLandscapeRight";
				INFOPLIST_KEY_UISupportedInterfaceOrientations_iPhone = "UIInterfaceOrientationPortrait UIInterfaceOrientationLandscapeLeft UIInterfaceOrientationLandscapeRight";
				IPHONEOS_DEPLOYMENT_TARGET = 14.0;
				LD_RUNPATH_SEARCH_PATHS = "@executable_path/Frameworks";
				"LD_RUNPATH_SEARCH_PATHS[sdk=macosx*]" = "@executable_path/../Frameworks";
				MACOSX_DEPLOYMENT_TARGET = 11.0;
				MARKETING_VERSION = 1.0;
				PRODUCT_BUNDLE_IDENTIFIER = com.nathantannar.Example;
				PRODUCT_NAME = "$(TARGET_NAME)";
				SDKROOT = auto;
				SUPPORTED_PLATFORMS = "appletvos appletvsimulator iphoneos iphonesimulator macosx xros xrsimulator";
				SUPPORTS_MACCATALYST = YES;
				SUPPORTS_MAC_DESIGNED_FOR_IPHONE_IPAD = NO;
				SUPPORTS_XR_DESIGNED_FOR_IPHONE_IPAD = NO;
				SWIFT_EMIT_LOC_STRINGS = YES;
				SWIFT_VERSION = 5.0;
				TARGETED_DEVICE_FAMILY = "1,2,3";
			};
			name = Release;
		};
/* End XCBuildConfiguration section */

/* Begin XCConfigurationList section */
		38BE283328F9408C002F699B /* Build configuration list for PBXProject "EngineCore" */ = {
			isa = XCConfigurationList;
			buildConfigurations = (
				38BE284028F9408C002F699B /* Debug */,
				38BE284128F9408C002F699B /* Release */,
			);
			defaultConfigurationIsVisible = 0;
			defaultConfigurationName = Release;
		};
		38BE284228F9408C002F699B /* Build configuration list for PBXNativeTarget "EngineCore" */ = {
			isa = XCConfigurationList;
			buildConfigurations = (
				38BE284328F9408C002F699B /* Debug */,
				38BE284428F9408C002F699B /* Release */,
			);
			defaultConfigurationIsVisible = 0;
			defaultConfigurationName = Release;
		};
		38EF29C429428A4600B454F0 /* Build configuration list for PBXNativeTarget "Example" */ = {
			isa = XCConfigurationList;
			buildConfigurations = (
				38EF29C229428A4600B454F0 /* Debug */,
				38EF29C329428A4600B454F0 /* Release */,
			);
			defaultConfigurationIsVisible = 0;
			defaultConfigurationName = Release;
		};
/* End XCConfigurationList section */
	};
	rootObject = 38BE283028F9408C002F699B /* Project object */;
}
